
Microsoft Visual Studio Solution File, Format Version 12.00
# Visual Studio Version 16
VisualStudioVersion = 16.0.30621.155
MinimumVisualStudioVersion = 10.0.40219.1
Project("{FAE04EC0-301F-11D3-BF4B-00C04F79EFBC}") = "CodeFirst", "CodeFirst.csproj", "{FB029E14-93AC-4C03-9CF2-90E4B582BE14}"
EndProject
Global
	GlobalSection(SolutionConfigurationPlatforms) = preSolution
		Debug|Any CPU = Debug|Any CPU
		Release|Any CPU = Release|Any CPU
	EndGlobalSection
	GlobalSection(ProjectConfigurationPlatforms) = postSolution
		{FB029E14-93AC-4C03-9CF2-90E4B582BE14}.Debug|Any CPU.ActiveCfg = Debug|Any CPU
		{FB029E14-93AC-4C03-9CF2-90E4B582BE14}.Debug|Any CPU.Build.0 = Debug|Any CPU
		{FB029E14-93AC-4C03-9CF2-90E4B582BE14}.Release|Any CPU.ActiveCfg = Release|Any CPU
		{FB029E14-93AC-4C03-9CF2-90E4B582BE14}.Release|Any CPU.Build.0 = Release|Any CPU
	EndGlobalSection
	GlobalSection(SolutionProperties) = preSolution
		HideSolutionNode = FALSE
	EndGlobalSection
	GlobalSection(ExtensibilityGlobals) = postSolution
		SolutionGuid = {7EFF6215-843B-474B-8F66-F907330EB887}
	EndGlobalSection
EndGlobal
